
Microsoft Visual Studio Solution File, Format Version 12.00
# Visual Studio Version 17
VisualStudioVersion = 17.12.35209.166
MinimumVisualStudioVersion = 10.0.40219.1
Project("{2150E333-8FDC-42A3-9474-1A3956D46DE8}") = "src", "src", "{8567CD6E-740C-44E5-9AC4-D8A4F47EC6E8}"
EndProject
Project("{2150E333-8FDC-42A3-9474-1A3956D46DE8}") = "tests", "tests", "{3DE5BF8E-D4D5-4B21-8EC5-5249310B4F10}"
EndProject
Project("{2150E333-8FDC-42A3-9474-1A3956D46DE8}") = "Core", "Core", "{85ADB021-6479-4A0A-A1BD-012BE207E608}"
EndProject
Project("{2150E333-8FDC-42A3-9474-1A3956D46DE8}") = "Microservices", "Microservices", "{BA8A74EE-D715-479F-849D-EAB44F5C970C}"
EndProject
Project("{2150E333-8FDC-42A3-9474-1A3956D46DE8}") = "UI", "UI", "{241112D7-81DE-492F-9F76-F2D310909B51}"
EndProject
Project("{2150E333-8FDC-42A3-9474-1A3956D46DE8}") = "Application", "Application", "{4AC36F17-8D71-423D-9573-5F5C6EDEEFE0}"
EndProject
Project("{2150E333-8FDC-42A3-9474-1A3956D46DE8}") = "Domain", "Domain", "{06CB0984-04B0-4060-80C7-5A3359A1164F}"
EndProject
Project("{2150E333-8FDC-42A3-9474-1A3956D46DE8}") = "Infrastructure", "Infrastructure", "{8CA2D236-56FC-4A89-B398-3E664C6E25DF}"
EndProject
Project("{2150E333-8FDC-42A3-9474-1A3956D46DE8}") = "Persistence", "Persistence", "{0166396C-8DC3-43D4-85A7-551022220DA6}"
EndProject
Project("{2150E333-8FDC-42A3-9474-1A3956D46DE8}") = "Aspire", "Aspire", "{B547F8F4-C36B-4426-8762-5745E2B114D8}"
EndProject
Project("{9A19103F-16F7-4668-BE54-9A1E7A4F7556}") = "Actuarial.AppHost", "src\Aspire\Actuarial.AppHost\Actuarial.AppHost.csproj", "{FB35C45F-A6BE-40B9-9DB3-164F72785A56}"
EndProject
Project("{9A19103F-16F7-4668-BE54-9A1E7A4F7556}") = "Actuarial.ServiceDefaults", "src\Aspire\Actuarial.ServiceDefaults\Actuarial.ServiceDefaults.csproj", "{018E9A85-67E9-46C5-8F70-084C080878D9}"
EndProject
Project("{2150E333-8FDC-42A3-9474-1A3956D46DE8}") = "Gateways", "Gateways", "{08A20956-1284-46FE-A59A-83F79E3408AA}"
EndProject
Project("{2150E333-8FDC-42A3-9474-1A3956D46DE8}") = "Schema", "Schema", "{ADA20A63-2033-493C-B1AC-99D0A77C591C}"
EndProject
Project("{2150E333-8FDC-42A3-9474-1A3956D46DE8}") = "Pipeline", "Pipeline", "{648F4436-E60A-4F03-96C9-97BA9F8A1139}"
EndProject
Project("{9A19103F-16F7-4668-BE54-9A1E7A4F7556}") = "Schema.Api", "src\Microservices\Schema\Schema.Api\Schema.Api.csproj", "{34BB9B3B-C05E-43FE-944B-70D12AA57917}"
EndProject
Project("{9A19103F-16F7-4668-BE54-9A1E7A4F7556}") = "Pipeline.Api", "src\Microservices\Pipeline\Pipeline.Api\Pipeline.Api.csproj", "{89BE5AB6-D42F-4ED8-AD22-58657F00C4E6}"
EndProject
Project("{9A19103F-16F7-4668-BE54-9A1E7A4F7556}") = "Core.Gateway", "src\Gateways\Core.Gateway\Core.Gateway.csproj", "{3EDE1681-90B0-4089-8679-2641807B05B2}"
EndProject
Project("{9A19103F-16F7-4668-BE54-9A1E7A4F7556}") = "Core.Domain", "src\Core\Core.Domain\Core.Domain.csproj", "{7BDF6CB7-BB5F-427D-A16D-ADED989E35CE}"
EndProject
Project("{9A19103F-16F7-4668-BE54-9A1E7A4F7556}") = "Core.Application", "src\Core\Core.Application\Core.Application.csproj", "{6C7C8E39-1671-4FB1-AB20-5D7389BB61D6}"
EndProject
Project("{9A19103F-16F7-4668-BE54-9A1E7A4F7556}") = "Core.Infrastructure", "src\Core\Core.Infrastructure\Core.Infrastructure.csproj", "{A5B827E2-233F-4176-AA35-A878BD28E00A}"
EndProject
Project("{9A19103F-16F7-4668-BE54-9A1E7A4F7556}") = "Core.Persistence", "src\Core\Core.Persistence\Core.Persistence.csproj", "{0FDC4308-AF44-4A2D-8247-1A7D1DDEA94B}"
EndProject
Project("{2150E333-8FDC-42A3-9474-1A3956D46DE8}") = "Api", "Api", "{C08E844D-64DC-4498-A145-D7A0D8CCB816}"
EndProject
Project("{2150E333-8FDC-42A3-9474-1A3956D46DE8}") = "Api", "Api", "{59CB8E4D-23FC-4B47-9F9A-4D83A4D71148}"
EndProject
Project("{2150E333-8FDC-42A3-9474-1A3956D46DE8}") = "Application", "Application", "{FBD3BBB0-8FAA-4E4C-8B9E-FAB75562CA3C}"
EndProject
Project("{2150E333-8FDC-42A3-9474-1A3956D46DE8}") = "Application", "Application", "{05EC4871-B440-44A4-A0FE-D09740A06CCA}"
EndProject
Project("{2150E333-8FDC-42A3-9474-1A3956D46DE8}") = "Persistence", "Persistence", "{B0F327F8-1D7B-4C4C-A8A8-2CCE2F9343C7}"
EndProject
Project("{9A19103F-16F7-4668-BE54-9A1E7A4F7556}") = "Core.Infrastructure.SqlServer", "src\Core\Core.Infrastructure.SqlServer\Core.Infrastructure.SqlServer.csproj", "{952C082B-083A-4B6B-9B25-72BEB1441226}"
EndProject
Project("{9A19103F-16F7-4668-BE54-9A1E7A4F7556}") = "Core.Application.Abstractions", "src\Core\Core.Application.Abstractions\Core.Application.Abstractions.csproj", "{1DE07C6B-A793-4C5B-A70B-4EF54902F192}"
EndProject
Project("{9A19103F-16F7-4668-BE54-9A1E7A4F7556}") = "Core.Infrastructure.AzureStorage", "src\Core\Core.Infrastructure.AzureStorage\Core.Infrastructure.AzureStorage.csproj", "{065CABB4-A172-4842-ABB6-4DFE1FB290B8}"
EndProject
Project("{9A19103F-16F7-4668-BE54-9A1E7A4F7556}") = "Schema.Persistence", "src\Microservices\Schema\Schema.Persistence\Schema.Persistence.csproj", "{FA0315A6-1213-4E6C-9324-7E484D07E432}"
EndProject
Project("{9A19103F-16F7-4668-BE54-9A1E7A4F7556}") = "Schema.Application", "src\Microservices\Schema\Schema.Application\Schema.Application.csproj", "{6384F61D-08C9-483C-975D-94B1CF96EF23}"
EndProject
Project("{9A19103F-16F7-4668-BE54-9A1E7A4F7556}") = "Core.Application.Dto", "src\Core\Core.Application.Dto\Core.Application.Dto.csproj", "{F6099C2E-4935-4C03-ABB8-D00826B447AB}"
EndProject
Project("{9A19103F-16F7-4668-BE54-9A1E7A4F7556}") = "Pipeline.Application", "src\Microservices\Pipeline\Pipeline.Application\Pipeline.Application.csproj", "{F1EFB001-5596-40F3-8D90-64AC8DCC082D}"
EndProject
Project("{9A19103F-16F7-4668-BE54-9A1E7A4F7556}") = "Core.Infrastructure.EventGrid", "src\Core\Core.Infrastructure.EventGrid\Core.Infrastructure.EventGrid.csproj", "{104E2BDA-8088-4E54-83A0-5A7583FC2D4B}"
EndProject
Global
	GlobalSection(SolutionConfigurationPlatforms) = preSolution
		Debug|Any CPU = Debug|Any CPU
		Release|Any CPU = Release|Any CPU
	EndGlobalSection
	GlobalSection(ProjectConfigurationPlatforms) = postSolution
		{FB35C45F-A6BE-40B9-9DB3-164F72785A56}.Debug|Any CPU.ActiveCfg = Debug|Any CPU
		{FB35C45F-A6BE-40B9-9DB3-164F72785A56}.Debug|Any CPU.Build.0 = Debug|Any CPU
		{FB35C45F-A6BE-40B9-9DB3-164F72785A56}.Release|Any CPU.ActiveCfg = Release|Any CPU
		{FB35C45F-A6BE-40B9-9DB3-164F72785A56}.Release|Any CPU.Build.0 = Release|Any CPU
		{018E9A85-67E9-46C5-8F70-084C080878D9}.Debug|Any CPU.ActiveCfg = Debug|Any CPU
		{018E9A85-67E9-46C5-8F70-084C080878D9}.Debug|Any CPU.Build.0 = Debug|Any CPU
		{018E9A85-67E9-46C5-8F70-084C080878D9}.Release|Any CPU.ActiveCfg = Release|Any CPU
		{018E9A85-67E9-46C5-8F70-084C080878D9}.Release|Any CPU.Build.0 = Release|Any CPU
		{34BB9B3B-C05E-43FE-944B-70D12AA57917}.Debug|Any CPU.ActiveCfg = Debug|Any CPU
		{34BB9B3B-C05E-43FE-944B-70D12AA57917}.Debug|Any CPU.Build.0 = Debug|Any CPU
		{34BB9B3B-C05E-43FE-944B-70D12AA57917}.Release|Any CPU.ActiveCfg = Release|Any CPU
		{34BB9B3B-C05E-43FE-944B-70D12AA57917}.Release|Any CPU.Build.0 = Release|Any CPU
		{89BE5AB6-D42F-4ED8-AD22-58657F00C4E6}.Debug|Any CPU.ActiveCfg = Debug|Any CPU
		{89BE5AB6-D42F-4ED8-AD22-58657F00C4E6}.Debug|Any CPU.Build.0 = Debug|Any CPU
		{89BE5AB6-D42F-4ED8-AD22-58657F00C4E6}.Release|Any CPU.ActiveCfg = Release|Any CPU
		{89BE5AB6-D42F-4ED8-AD22-58657F00C4E6}.Release|Any CPU.Build.0 = Release|Any CPU
		{3EDE1681-90B0-4089-8679-2641807B05B2}.Debug|Any CPU.ActiveCfg = Debug|Any CPU
		{3EDE1681-90B0-4089-8679-2641807B05B2}.Debug|Any CPU.Build.0 = Debug|Any CPU
		{3EDE1681-90B0-4089-8679-2641807B05B2}.Release|Any CPU.ActiveCfg = Release|Any CPU
		{3EDE1681-90B0-4089-8679-2641807B05B2}.Release|Any CPU.Build.0 = Release|Any CPU
		{7BDF6CB7-BB5F-427D-A16D-ADED989E35CE}.Debug|Any CPU.ActiveCfg = Debug|Any CPU
		{7BDF6CB7-BB5F-427D-A16D-ADED989E35CE}.Debug|Any CPU.Build.0 = Debug|Any CPU
		{7BDF6CB7-BB5F-427D-A16D-ADED989E35CE}.Release|Any CPU.ActiveCfg = Release|Any CPU
		{7BDF6CB7-BB5F-427D-A16D-ADED989E35CE}.Release|Any CPU.Build.0 = Release|Any CPU
		{6C7C8E39-1671-4FB1-AB20-5D7389BB61D6}.Debug|Any CPU.ActiveCfg = Debug|Any CPU
		{6C7C8E39-1671-4FB1-AB20-5D7389BB61D6}.Debug|Any CPU.Build.0 = Debug|Any CPU
		{6C7C8E39-1671-4FB1-AB20-5D7389BB61D6}.Release|Any CPU.ActiveCfg = Release|Any CPU
		{6C7C8E39-1671-4FB1-AB20-5D7389BB61D6}.Release|Any CPU.Build.0 = Release|Any CPU
		{A5B827E2-233F-4176-AA35-A878BD28E00A}.Debug|Any CPU.ActiveCfg = Debug|Any CPU
		{A5B827E2-233F-4176-AA35-A878BD28E00A}.Debug|Any CPU.Build.0 = Debug|Any CPU
		{A5B827E2-233F-4176-AA35-A878BD28E00A}.Release|Any CPU.ActiveCfg = Release|Any CPU
		{A5B827E2-233F-4176-AA35-A878BD28E00A}.Release|Any CPU.Build.0 = Release|Any CPU
		{0FDC4308-AF44-4A2D-8247-1A7D1DDEA94B}.Debug|Any CPU.ActiveCfg = Debug|Any CPU
		{0FDC4308-AF44-4A2D-8247-1A7D1DDEA94B}.Debug|Any CPU.Build.0 = Debug|Any CPU
		{0FDC4308-AF44-4A2D-8247-1A7D1DDEA94B}.Release|Any CPU.ActiveCfg = Release|Any CPU
		{0FDC4308-AF44-4A2D-8247-1A7D1DDEA94B}.Release|Any CPU.Build.0 = Release|Any CPU
		{952C082B-083A-4B6B-9B25-72BEB1441226}.Debug|Any CPU.ActiveCfg = Debug|Any CPU
		{952C082B-083A-4B6B-9B25-72BEB1441226}.Debug|Any CPU.Build.0 = Debug|Any CPU
		{952C082B-083A-4B6B-9B25-72BEB1441226}.Release|Any CPU.ActiveCfg = Release|Any CPU
		{952C082B-083A-4B6B-9B25-72BEB1441226}.Release|Any CPU.Build.0 = Release|Any CPU
		{1DE07C6B-A793-4C5B-A70B-4EF54902F192}.Debug|Any CPU.ActiveCfg = Debug|Any CPU
		{1DE07C6B-A793-4C5B-A70B-4EF54902F192}.Debug|Any CPU.Build.0 = Debug|Any CPU
		{1DE07C6B-A793-4C5B-A70B-4EF54902F192}.Release|Any CPU.ActiveCfg = Release|Any CPU
		{1DE07C6B-A793-4C5B-A70B-4EF54902F192}.Release|Any CPU.Build.0 = Release|Any CPU
		{065CABB4-A172-4842-ABB6-4DFE1FB290B8}.Debug|Any CPU.ActiveCfg = Debug|Any CPU
		{065CABB4-A172-4842-ABB6-4DFE1FB290B8}.Debug|Any CPU.Build.0 = Debug|Any CPU
		{065CABB4-A172-4842-ABB6-4DFE1FB290B8}.Release|Any CPU.ActiveCfg = Release|Any CPU
		{065CABB4-A172-4842-ABB6-4DFE1FB290B8}.Release|Any CPU.Build.0 = Release|Any CPU
		{FA0315A6-1213-4E6C-9324-7E484D07E432}.Debug|Any CPU.ActiveCfg = Debug|Any CPU
		{FA0315A6-1213-4E6C-9324-7E484D07E432}.Debug|Any CPU.Build.0 = Debug|Any CPU
		{FA0315A6-1213-4E6C-9324-7E484D07E432}.Release|Any CPU.ActiveCfg = Release|Any CPU
		{FA0315A6-1213-4E6C-9324-7E484D07E432}.Release|Any CPU.Build.0 = Release|Any CPU
		{6384F61D-08C9-483C-975D-94B1CF96EF23}.Debug|Any CPU.ActiveCfg = Debug|Any CPU
		{6384F61D-08C9-483C-975D-94B1CF96EF23}.Debug|Any CPU.Build.0 = Debug|Any CPU
		{6384F61D-08C9-483C-975D-94B1CF96EF23}.Release|Any CPU.ActiveCfg = Release|Any CPU
		{6384F61D-08C9-483C-975D-94B1CF96EF23}.Release|Any CPU.Build.0 = Release|Any CPU
		{F6099C2E-4935-4C03-ABB8-D00826B447AB}.Debug|Any CPU.ActiveCfg = Debug|Any CPU
		{F6099C2E-4935-4C03-ABB8-D00826B447AB}.Debug|Any CPU.Build.0 = Debug|Any CPU
		{F6099C2E-4935-4C03-ABB8-D00826B447AB}.Release|Any CPU.ActiveCfg = Release|Any CPU
		{F6099C2E-4935-4C03-ABB8-D00826B447AB}.Release|Any CPU.Build.0 = Release|Any CPU
		{F1EFB001-5596-40F3-8D90-64AC8DCC082D}.Debug|Any CPU.ActiveCfg = Debug|Any CPU
		{F1EFB001-5596-40F3-8D90-64AC8DCC082D}.Debug|Any CPU.Build.0 = Debug|Any CPU
		{F1EFB001-5596-40F3-8D90-64AC8DCC082D}.Release|Any CPU.ActiveCfg = Release|Any CPU
		{F1EFB001-5596-40F3-8D90-64AC8DCC082D}.Release|Any CPU.Build.0 = Release|Any CPU
		{104E2BDA-8088-4E54-83A0-5A7583FC2D4B}.Debug|Any CPU.ActiveCfg = Debug|Any CPU
		{104E2BDA-8088-4E54-83A0-5A7583FC2D4B}.Debug|Any CPU.Build.0 = Debug|Any CPU
		{104E2BDA-8088-4E54-83A0-5A7583FC2D4B}.Release|Any CPU.ActiveCfg = Release|Any CPU
		{104E2BDA-8088-4E54-83A0-5A7583FC2D4B}.Release|Any CPU.Build.0 = Release|Any CPU
	EndGlobalSection
	GlobalSection(SolutionProperties) = preSolution
		HideSolutionNode = FALSE
	EndGlobalSection
	GlobalSection(NestedProjects) = preSolution
		{85ADB021-6479-4A0A-A1BD-012BE207E608} = {8567CD6E-740C-44E5-9AC4-D8A4F47EC6E8}
		{BA8A74EE-D715-479F-849D-EAB44F5C970C} = {8567CD6E-740C-44E5-9AC4-D8A4F47EC6E8}
		{241112D7-81DE-492F-9F76-F2D310909B51} = {8567CD6E-740C-44E5-9AC4-D8A4F47EC6E8}
		{4AC36F17-8D71-423D-9573-5F5C6EDEEFE0} = {85ADB021-6479-4A0A-A1BD-012BE207E608}
		{06CB0984-04B0-4060-80C7-5A3359A1164F} = {85ADB021-6479-4A0A-A1BD-012BE207E608}
		{8CA2D236-56FC-4A89-B398-3E664C6E25DF} = {85ADB021-6479-4A0A-A1BD-012BE207E608}
		{0166396C-8DC3-43D4-85A7-551022220DA6} = {85ADB021-6479-4A0A-A1BD-012BE207E608}
		{B547F8F4-C36B-4426-8762-5745E2B114D8} = {8567CD6E-740C-44E5-9AC4-D8A4F47EC6E8}
		{FB35C45F-A6BE-40B9-9DB3-164F72785A56} = {B547F8F4-C36B-4426-8762-5745E2B114D8}
		{018E9A85-67E9-46C5-8F70-084C080878D9} = {B547F8F4-C36B-4426-8762-5745E2B114D8}
		{08A20956-1284-46FE-A59A-83F79E3408AA} = {8567CD6E-740C-44E5-9AC4-D8A4F47EC6E8}
		{ADA20A63-2033-493C-B1AC-99D0A77C591C} = {BA8A74EE-D715-479F-849D-EAB44F5C970C}
		{648F4436-E60A-4F03-96C9-97BA9F8A1139} = {BA8A74EE-D715-479F-849D-EAB44F5C970C}
		{34BB9B3B-C05E-43FE-944B-70D12AA57917} = {59CB8E4D-23FC-4B47-9F9A-4D83A4D71148}
		{89BE5AB6-D42F-4ED8-AD22-58657F00C4E6} = {C08E844D-64DC-4498-A145-D7A0D8CCB816}
		{3EDE1681-90B0-4089-8679-2641807B05B2} = {08A20956-1284-46FE-A59A-83F79E3408AA}
		{7BDF6CB7-BB5F-427D-A16D-ADED989E35CE} = {06CB0984-04B0-4060-80C7-5A3359A1164F}
		{6C7C8E39-1671-4FB1-AB20-5D7389BB61D6} = {4AC36F17-8D71-423D-9573-5F5C6EDEEFE0}
		{A5B827E2-233F-4176-AA35-A878BD28E00A} = {8CA2D236-56FC-4A89-B398-3E664C6E25DF}
		{0FDC4308-AF44-4A2D-8247-1A7D1DDEA94B} = {0166396C-8DC3-43D4-85A7-551022220DA6}
		{C08E844D-64DC-4498-A145-D7A0D8CCB816} = {648F4436-E60A-4F03-96C9-97BA9F8A1139}
		{59CB8E4D-23FC-4B47-9F9A-4D83A4D71148} = {ADA20A63-2033-493C-B1AC-99D0A77C591C}
		{FBD3BBB0-8FAA-4E4C-8B9E-FAB75562CA3C} = {648F4436-E60A-4F03-96C9-97BA9F8A1139}
		{05EC4871-B440-44A4-A0FE-D09740A06CCA} = {ADA20A63-2033-493C-B1AC-99D0A77C591C}
		{B0F327F8-1D7B-4C4C-A8A8-2CCE2F9343C7} = {ADA20A63-2033-493C-B1AC-99D0A77C591C}
		{952C082B-083A-4B6B-9B25-72BEB1441226} = {8CA2D236-56FC-4A89-B398-3E664C6E25DF}
		{1DE07C6B-A793-4C5B-A70B-4EF54902F192} = {4AC36F17-8D71-423D-9573-5F5C6EDEEFE0}
		{065CABB4-A172-4842-ABB6-4DFE1FB290B8} = {8CA2D236-56FC-4A89-B398-3E664C6E25DF}
		{FA0315A6-1213-4E6C-9324-7E484D07E432} = {B0F327F8-1D7B-4C4C-A8A8-2CCE2F9343C7}
		{6384F61D-08C9-483C-975D-94B1CF96EF23} = {05EC4871-B440-44A4-A0FE-D09740A06CCA}
		{F6099C2E-4935-4C03-ABB8-D00826B447AB} = {4AC36F17-8D71-423D-9573-5F5C6EDEEFE0}
		{F1EFB001-5596-40F3-8D90-64AC8DCC082D} = {FBD3BBB0-8FAA-4E4C-8B9E-FAB75562CA3C}
		{104E2BDA-8088-4E54-83A0-5A7583FC2D4B} = {8CA2D236-56FC-4A89-B398-3E664C6E25DF}
	EndGlobalSection
	GlobalSection(ExtensibilityGlobals) = postSolution
		SolutionGuid = {554FDF1A-33C6-433F-87D7-76235D1C74F7}
	EndGlobalSection
EndGlobal
